
Microsoft Visual Studio Solution File, Format Version 12.00
# Visual Studio Version 16
VisualStudioVersion = 16.0.31129.286
MinimumVisualStudioVersion = 10.0.40219.1
Project("{9A19103F-16F7-4668-BE54-9A1E7A4F7556}") = "LinkedList", "LinkedList\LinkedList.csproj", "{E048B423-3F03-43A1-B86A-3CBA1FBE41A7}"
EndProject
Global
	GlobalSection(SolutionConfigurationPlatforms) = preSolution
		Debug|Any CPU = Debug|Any CPU
		Release|Any CPU = Release|Any CPU
	EndGlobalSection
	GlobalSection(ProjectConfigurationPlatforms) = postSolution
		{E048B423-3F03-43A1-B86A-3CBA1FBE41A7}.Debug|Any CPU.ActiveCfg = Debug|Any CPU
		{E048B423-3F03-43A1-B86A-3CBA1FBE41A7}.Debug|Any CPU.Build.0 = Debug|Any CPU
		{E048B423-3F03-43A1-B86A-3CBA1FBE41A7}.Release|Any CPU.ActiveCfg = Release|Any CPU
		{E048B423-3F03-43A1-B86A-3CBA1FBE41A7}.Release|Any CPU.Build.0 = Release|Any CPU
	EndGlobalSection
	GlobalSection(SolutionProperties) = preSolution
		HideSolutionNode = FALSE
	EndGlobalSection
	GlobalSection(ExtensibilityGlobals) = postSolution
		SolutionGuid = {94B31639-041F-4ACF-941A-B0ECAD0EAE9B}
	EndGlobalSection
EndGlobal
